
Microsoft Visual Studio Solution File, Format Version 9.00
# Visual Studio 2005
Project("{8BC9CEB8-8B4A-11D0-8D11-00A0C91BC942}") = "libgauche", "libgauche.vcproj", "{269A68B7-2FE2-4C84-9E55-65240F4E892C}"
EndProject
Project("{8BC9CEB8-8B4A-11D0-8D11-00A0C91BC942}") = "gosh", "gosh.vcproj", "{B07FC839-E1AD-4160-AEA4-2583974D3254}"
EndProject
Project("{8BC9CEB8-8B4A-11D0-8D11-00A0C91BC942}") = "test-arith", "test-arith.vcproj", "{8B1CAD63-EF7A-4318-8FEB-4CBC3A77C2F2}"
EndProject
Project("{8BC9CEB8-8B4A-11D0-8D11-00A0C91BC942}") = "test-vmstack", "test-vmstack.vcproj", "{19C560CD-0097-4925-847D-3A1D88119335}"
EndProject
Project("{8BC9CEB8-8B4A-11D0-8D11-00A0C91BC942}") = "gauche-config", "gauche-config.vcproj", "{9B3B92C7-21FB-416B-A124-5CCC3E1D33B4}"
EndProject
Project("{8BC9CEB8-8B4A-11D0-8D11-00A0C91BC942}") = "ext-charconv", "ext-charconv.vcproj", "{B9709366-816A-4DCC-807B-F56DF265F281}"
EndProject
Project("{8BC9CEB8-8B4A-11D0-8D11-00A0C91BC942}") = "ext-uvector", "ext-uvector.vcproj", "{C4EDEAE3-3E92-4940-84A6-FA441B933C2F}"
	ProjectSection(ProjectDependencies) = postProject
		{269A68B7-2FE2-4C84-9E55-65240F4E892C} = {269A68B7-2FE2-4C84-9E55-65240F4E892C}
	EndProjectSection
EndProject
Project("{8BC9CEB8-8B4A-11D0-8D11-00A0C91BC942}") = "ext-auxsys", "ext-auxsys.vcproj", "{71702C66-7064-4EBF-A064-029CD32BB656}"
EndProject
Project("{8BC9CEB8-8B4A-11D0-8D11-00A0C91BC942}") = "ext-binary", "ext-binary.vcproj", "{62857852-2714-4300-8889-0401D0849229}"
EndProject
Project("{8BC9CEB8-8B4A-11D0-8D11-00A0C91BC942}") = "ext-digest-md5", "ext-digest-md5.vcproj", "{6461EF1D-6D4E-45BE-88D5-3A2B24F6B7D8}"
EndProject
Project("{8BC9CEB8-8B4A-11D0-8D11-00A0C91BC942}") = "ext-file-util", "ext-file-util.vcproj", "{FA82CE24-464B-4086-837C-85AB5ACBE58F}"
EndProject
Project("{8BC9CEB8-8B4A-11D0-8D11-00A0C91BC942}") = "ext-mt-random", "ext-mt-random.vcproj", "{F3604811-FD2A-49D7-A989-7C3A36958C63}"
EndProject
Project("{8BC9CEB8-8B4A-11D0-8D11-00A0C91BC942}") = "ext-net", "ext-net.vcproj", "{1DDD02B9-093D-4BE9-A01E-F3D1154627F5}"
EndProject
Project("{8BC9CEB8-8B4A-11D0-8D11-00A0C91BC942}") = "ext-srfi-1", "ext-srfi-1.vcproj", "{CA9A5F35-84E5-4CAA-BECC-464F5B93FC9E}"
EndProject
Project("{8BC9CEB8-8B4A-11D0-8D11-00A0C91BC942}") = "ext-syslog", "ext-syslog.vcproj", "{EF7947D3-B35E-4471-9BAA-593788AF3440}"
EndProject
Project("{8BC9CEB8-8B4A-11D0-8D11-00A0C91BC942}") = "ext-sxml-ssax", "ext-sxml-ssax.vcproj", "{269594DC-40F7-4DE0-8591-0DB45935DED6}"
EndProject
Project("{8BC9CEB8-8B4A-11D0-8D11-00A0C91BC942}") = "ext-termios", "ext-termios.vcproj", "{6D395BCC-6CB2-49B9-BC7A-384E71B0A946}"
EndProject
Project("{8BC9CEB8-8B4A-11D0-8D11-00A0C91BC942}") = "ext-threads", "ext-threads.vcproj", "{0F1BC282-BA0E-40B2-A3B9-B6A00B4C3E2E}"
EndProject
Project("{8BC9CEB8-8B4A-11D0-8D11-00A0C91BC942}") = "ext-util-match", "ext-util-match.vcproj", "{23BCE566-E0D9-42F8-A03C-273B8A740C46}"
EndProject
Project("{8BC9CEB8-8B4A-11D0-8D11-00A0C91BC942}") = "ext-vport", "ext-vport.vcproj", "{CA2D107F-08F7-40F5-BE43-48AAF97FABCB}"
EndProject
Project("{8BC9CEB8-8B4A-11D0-8D11-00A0C91BC942}") = "ext-digest-sha1", "ext-digest-sha1.vcproj", "{3A966BFB-5088-46CA-9452-3FC2F2541B04}"
EndProject
Project("{8BC9CEB8-8B4A-11D0-8D11-00A0C91BC942}") = "ext-srfi-13", "ext-srfi-13.vcproj", "{71BE2C7D-5875-4547-9F36-9E2CE8BAFCB5}"
EndProject
Project("{8BC9CEB8-8B4A-11D0-8D11-00A0C91BC942}") = "ext-sxml-tools", "ext-sxml-tools.vcproj", "{62126DFD-6EB5-48F6-9D58-BABED39F24FE}"
EndProject
Project("{8BC9CEB8-8B4A-11D0-8D11-00A0C91BC942}") = "ext-sxml-sxpath", "ext-sxml-sxpath.vcproj", "{7259346E-35C7-467B-8808-FE6C19D29523}"
EndProject
Project("{8BC9CEB8-8B4A-11D0-8D11-00A0C91BC942}") = "ext-sxml-serializer", "ext-sxml-serializer.vcproj", "{D4F8D647-9664-4D37-B9E8-1F4E2B76EE65}"
EndProject
Project("{8BC9CEB8-8B4A-11D0-8D11-00A0C91BC942}") = "ext-srfi-19", "ext-srfi-19.vcproj", "{DE8DB701-0108-46C9-8C96-C09A11E0EFF8}"
EndProject
Project("{8BC9CEB8-8B4A-11D0-8D11-00A0C91BC942}") = "ext-srfi-43", "ext-srfi-43.vcproj", "{6B16BB0E-B39F-4608-B16C-53616F4EA05C}"
EndProject
Project("{8BC9CEB8-8B4A-11D0-8D11-00A0C91BC942}") = "ext-gauche-collection", "ext-gauche-collection.vcproj", "{A8AE9017-5049-442D-9CC4-6854D25C99F4}"
EndProject
Project("{8BC9CEB8-8B4A-11D0-8D11-00A0C91BC942}") = "ext-gauche-sequence", "ext-gauche-sequence.vcproj", "{7C212ED4-79F0-4C97-A499-1EA4632A7DA4}"
EndProject
Project("{8BC9CEB8-8B4A-11D0-8D11-00A0C91BC942}") = "ext-gauche-hook", "ext-gauche-hook.vcproj", "{307F22C0-316F-42BF-8081-2B7793E69756}"
EndProject
Project("{8BC9CEB8-8B4A-11D0-8D11-00A0C91BC942}") = "ext-gauche-parameter", "ext-gauche-parameter.vcproj", "{E2E37C38-77A6-439F-8991-EF9F94EB943E}"
EndProject
Global
	GlobalSection(SolutionConfigurationPlatforms) = preSolution
		Debug|Win32 = Debug|Win32
		Release|Win32 = Release|Win32
	EndGlobalSection
	GlobalSection(ProjectConfigurationPlatforms) = postSolution
		{269A68B7-2FE2-4C84-9E55-65240F4E892C}.Debug|Win32.ActiveCfg = Debug|Win32
		{269A68B7-2FE2-4C84-9E55-65240F4E892C}.Debug|Win32.Build.0 = Debug|Win32
		{269A68B7-2FE2-4C84-9E55-65240F4E892C}.Release|Win32.ActiveCfg = Release|Win32
		{269A68B7-2FE2-4C84-9E55-65240F4E892C}.Release|Win32.Build.0 = Release|Win32
		{B07FC839-E1AD-4160-AEA4-2583974D3254}.Debug|Win32.ActiveCfg = Debug|Win32
		{B07FC839-E1AD-4160-AEA4-2583974D3254}.Debug|Win32.Build.0 = Debug|Win32
		{B07FC839-E1AD-4160-AEA4-2583974D3254}.Release|Win32.ActiveCfg = Release|Win32
		{B07FC839-E1AD-4160-AEA4-2583974D3254}.Release|Win32.Build.0 = Release|Win32
		{8B1CAD63-EF7A-4318-8FEB-4CBC3A77C2F2}.Debug|Win32.ActiveCfg = Debug|Win32
		{8B1CAD63-EF7A-4318-8FEB-4CBC3A77C2F2}.Debug|Win32.Build.0 = Debug|Win32
		{8B1CAD63-EF7A-4318-8FEB-4CBC3A77C2F2}.Release|Win32.ActiveCfg = Release|Win32
		{8B1CAD63-EF7A-4318-8FEB-4CBC3A77C2F2}.Release|Win32.Build.0 = Release|Win32
		{19C560CD-0097-4925-847D-3A1D88119335}.Debug|Win32.ActiveCfg = Debug|Win32
		{19C560CD-0097-4925-847D-3A1D88119335}.Debug|Win32.Build.0 = Debug|Win32
		{19C560CD-0097-4925-847D-3A1D88119335}.Release|Win32.ActiveCfg = Release|Win32
		{19C560CD-0097-4925-847D-3A1D88119335}.Release|Win32.Build.0 = Release|Win32
		{9B3B92C7-21FB-416B-A124-5CCC3E1D33B4}.Debug|Win32.ActiveCfg = Debug|Win32
		{9B3B92C7-21FB-416B-A124-5CCC3E1D33B4}.Debug|Win32.Build.0 = Debug|Win32
		{9B3B92C7-21FB-416B-A124-5CCC3E1D33B4}.Release|Win32.ActiveCfg = Release|Win32
		{9B3B92C7-21FB-416B-A124-5CCC3E1D33B4}.Release|Win32.Build.0 = Release|Win32
		{B9709366-816A-4DCC-807B-F56DF265F281}.Debug|Win32.ActiveCfg = Debug|Win32
		{B9709366-816A-4DCC-807B-F56DF265F281}.Debug|Win32.Build.0 = Debug|Win32
		{B9709366-816A-4DCC-807B-F56DF265F281}.Release|Win32.ActiveCfg = Release|Win32
		{B9709366-816A-4DCC-807B-F56DF265F281}.Release|Win32.Build.0 = Release|Win32
		{C4EDEAE3-3E92-4940-84A6-FA441B933C2F}.Debug|Win32.ActiveCfg = Debug|Win32
		{C4EDEAE3-3E92-4940-84A6-FA441B933C2F}.Debug|Win32.Build.0 = Debug|Win32
		{C4EDEAE3-3E92-4940-84A6-FA441B933C2F}.Release|Win32.ActiveCfg = Release|Win32
		{C4EDEAE3-3E92-4940-84A6-FA441B933C2F}.Release|Win32.Build.0 = Release|Win32
		{71702C66-7064-4EBF-A064-029CD32BB656}.Debug|Win32.ActiveCfg = Debug|Win32
		{71702C66-7064-4EBF-A064-029CD32BB656}.Debug|Win32.Build.0 = Debug|Win32
		{71702C66-7064-4EBF-A064-029CD32BB656}.Release|Win32.ActiveCfg = Release|Win32
		{71702C66-7064-4EBF-A064-029CD32BB656}.Release|Win32.Build.0 = Release|Win32
		{62857852-2714-4300-8889-0401D0849229}.Debug|Win32.ActiveCfg = Debug|Win32
		{62857852-2714-4300-8889-0401D0849229}.Debug|Win32.Build.0 = Debug|Win32
		{62857852-2714-4300-8889-0401D0849229}.Release|Win32.ActiveCfg = Release|Win32
		{62857852-2714-4300-8889-0401D0849229}.Release|Win32.Build.0 = Release|Win32
		{6461EF1D-6D4E-45BE-88D5-3A2B24F6B7D8}.Debug|Win32.ActiveCfg = Debug|Win32
		{6461EF1D-6D4E-45BE-88D5-3A2B24F6B7D8}.Debug|Win32.Build.0 = Debug|Win32
		{6461EF1D-6D4E-45BE-88D5-3A2B24F6B7D8}.Release|Win32.ActiveCfg = Release|Win32
		{6461EF1D-6D4E-45BE-88D5-3A2B24F6B7D8}.Release|Win32.Build.0 = Release|Win32
		{FA82CE24-464B-4086-837C-85AB5ACBE58F}.Debug|Win32.ActiveCfg = Debug|Win32
		{FA82CE24-464B-4086-837C-85AB5ACBE58F}.Debug|Win32.Build.0 = Debug|Win32
		{FA82CE24-464B-4086-837C-85AB5ACBE58F}.Release|Win32.ActiveCfg = Release|Win32
		{FA82CE24-464B-4086-837C-85AB5ACBE58F}.Release|Win32.Build.0 = Release|Win32
		{F3604811-FD2A-49D7-A989-7C3A36958C63}.Debug|Win32.ActiveCfg = Debug|Win32
		{F3604811-FD2A-49D7-A989-7C3A36958C63}.Debug|Win32.Build.0 = Debug|Win32
		{F3604811-FD2A-49D7-A989-7C3A36958C63}.Release|Win32.ActiveCfg = Release|Win32
		{F3604811-FD2A-49D7-A989-7C3A36958C63}.Release|Win32.Build.0 = Release|Win32
		{1DDD02B9-093D-4BE9-A01E-F3D1154627F5}.Debug|Win32.ActiveCfg = Debug|Win32
		{1DDD02B9-093D-4BE9-A01E-F3D1154627F5}.Debug|Win32.Build.0 = Debug|Win32
		{1DDD02B9-093D-4BE9-A01E-F3D1154627F5}.Release|Win32.ActiveCfg = Release|Win32
		{1DDD02B9-093D-4BE9-A01E-F3D1154627F5}.Release|Win32.Build.0 = Release|Win32
		{CA9A5F35-84E5-4CAA-BECC-464F5B93FC9E}.Debug|Win32.ActiveCfg = Debug|Win32
		{CA9A5F35-84E5-4CAA-BECC-464F5B93FC9E}.Debug|Win32.Build.0 = Debug|Win32
		{CA9A5F35-84E5-4CAA-BECC-464F5B93FC9E}.Release|Win32.ActiveCfg = Release|Win32
		{CA9A5F35-84E5-4CAA-BECC-464F5B93FC9E}.Release|Win32.Build.0 = Release|Win32
		{EF7947D3-B35E-4471-9BAA-593788AF3440}.Debug|Win32.ActiveCfg = Debug|Win32
		{EF7947D3-B35E-4471-9BAA-593788AF3440}.Debug|Win32.Build.0 = Debug|Win32
		{EF7947D3-B35E-4471-9BAA-593788AF3440}.Release|Win32.ActiveCfg = Release|Win32
		{EF7947D3-B35E-4471-9BAA-593788AF3440}.Release|Win32.Build.0 = Release|Win32
		{269594DC-40F7-4DE0-8591-0DB45935DED6}.Debug|Win32.ActiveCfg = Debug|Win32
		{269594DC-40F7-4DE0-8591-0DB45935DED6}.Debug|Win32.Build.0 = Debug|Win32
		{269594DC-40F7-4DE0-8591-0DB45935DED6}.Release|Win32.ActiveCfg = Release|Win32
		{269594DC-40F7-4DE0-8591-0DB45935DED6}.Release|Win32.Build.0 = Release|Win32
		{6D395BCC-6CB2-49B9-BC7A-384E71B0A946}.Debug|Win32.ActiveCfg = Debug|Win32
		{6D395BCC-6CB2-49B9-BC7A-384E71B0A946}.Debug|Win32.Build.0 = Debug|Win32
		{6D395BCC-6CB2-49B9-BC7A-384E71B0A946}.Release|Win32.ActiveCfg = Release|Win32
		{6D395BCC-6CB2-49B9-BC7A-384E71B0A946}.Release|Win32.Build.0 = Release|Win32
		{0F1BC282-BA0E-40B2-A3B9-B6A00B4C3E2E}.Debug|Win32.ActiveCfg = Debug|Win32
		{0F1BC282-BA0E-40B2-A3B9-B6A00B4C3E2E}.Debug|Win32.Build.0 = Debug|Win32
		{0F1BC282-BA0E-40B2-A3B9-B6A00B4C3E2E}.Release|Win32.ActiveCfg = Release|Win32
		{0F1BC282-BA0E-40B2-A3B9-B6A00B4C3E2E}.Release|Win32.Build.0 = Release|Win32
		{23BCE566-E0D9-42F8-A03C-273B8A740C46}.Debug|Win32.ActiveCfg = Debug|Win32
		{23BCE566-E0D9-42F8-A03C-273B8A740C46}.Debug|Win32.Build.0 = Debug|Win32
		{23BCE566-E0D9-42F8-A03C-273B8A740C46}.Release|Win32.ActiveCfg = Release|Win32
		{23BCE566-E0D9-42F8-A03C-273B8A740C46}.Release|Win32.Build.0 = Release|Win32
		{CA2D107F-08F7-40F5-BE43-48AAF97FABCB}.Debug|Win32.ActiveCfg = Debug|Win32
		{CA2D107F-08F7-40F5-BE43-48AAF97FABCB}.Debug|Win32.Build.0 = Debug|Win32
		{CA2D107F-08F7-40F5-BE43-48AAF97FABCB}.Release|Win32.ActiveCfg = Release|Win32
		{CA2D107F-08F7-40F5-BE43-48AAF97FABCB}.Release|Win32.Build.0 = Release|Win32
		{3A966BFB-5088-46CA-9452-3FC2F2541B04}.Debug|Win32.ActiveCfg = Debug|Win32
		{3A966BFB-5088-46CA-9452-3FC2F2541B04}.Debug|Win32.Build.0 = Debug|Win32
		{3A966BFB-5088-46CA-9452-3FC2F2541B04}.Release|Win32.ActiveCfg = Release|Win32
		{3A966BFB-5088-46CA-9452-3FC2F2541B04}.Release|Win32.Build.0 = Release|Win32
		{71BE2C7D-5875-4547-9F36-9E2CE8BAFCB5}.Debug|Win32.ActiveCfg = Debug|Win32
		{71BE2C7D-5875-4547-9F36-9E2CE8BAFCB5}.Debug|Win32.Build.0 = Debug|Win32
		{71BE2C7D-5875-4547-9F36-9E2CE8BAFCB5}.Release|Win32.ActiveCfg = Release|Win32
		{71BE2C7D-5875-4547-9F36-9E2CE8BAFCB5}.Release|Win32.Build.0 = Release|Win32
		{62126DFD-6EB5-48F6-9D58-BABED39F24FE}.Debug|Win32.ActiveCfg = Debug|Win32
		{62126DFD-6EB5-48F6-9D58-BABED39F24FE}.Debug|Win32.Build.0 = Debug|Win32
		{62126DFD-6EB5-48F6-9D58-BABED39F24FE}.Release|Win32.ActiveCfg = Release|Win32
		{62126DFD-6EB5-48F6-9D58-BABED39F24FE}.Release|Win32.Build.0 = Release|Win32
		{7259346E-35C7-467B-8808-FE6C19D29523}.Debug|Win32.ActiveCfg = Debug|Win32
		{7259346E-35C7-467B-8808-FE6C19D29523}.Debug|Win32.Build.0 = Debug|Win32
		{7259346E-35C7-467B-8808-FE6C19D29523}.Release|Win32.ActiveCfg = Release|Win32
		{7259346E-35C7-467B-8808-FE6C19D29523}.Release|Win32.Build.0 = Release|Win32
		{D4F8D647-9664-4D37-B9E8-1F4E2B76EE65}.Debug|Win32.ActiveCfg = Debug|Win32
		{D4F8D647-9664-4D37-B9E8-1F4E2B76EE65}.Debug|Win32.Build.0 = Debug|Win32
		{D4F8D647-9664-4D37-B9E8-1F4E2B76EE65}.Release|Win32.ActiveCfg = Release|Win32
		{D4F8D647-9664-4D37-B9E8-1F4E2B76EE65}.Release|Win32.Build.0 = Release|Win32
		{DE8DB701-0108-46C9-8C96-C09A11E0EFF8}.Debug|Win32.ActiveCfg = Debug|Win32
		{DE8DB701-0108-46C9-8C96-C09A11E0EFF8}.Debug|Win32.Build.0 = Debug|Win32
		{DE8DB701-0108-46C9-8C96-C09A11E0EFF8}.Release|Win32.ActiveCfg = Release|Win32
		{DE8DB701-0108-46C9-8C96-C09A11E0EFF8}.Release|Win32.Build.0 = Release|Win32
		{6B16BB0E-B39F-4608-B16C-53616F4EA05C}.Debug|Win32.ActiveCfg = Debug|Win32
		{6B16BB0E-B39F-4608-B16C-53616F4EA05C}.Debug|Win32.Build.0 = Debug|Win32
		{6B16BB0E-B39F-4608-B16C-53616F4EA05C}.Release|Win32.ActiveCfg = Release|Win32
		{6B16BB0E-B39F-4608-B16C-53616F4EA05C}.Release|Win32.Build.0 = Release|Win32
		{A8AE9017-5049-442D-9CC4-6854D25C99F4}.Debug|Win32.ActiveCfg = Debug|Win32
		{A8AE9017-5049-442D-9CC4-6854D25C99F4}.Debug|Win32.Build.0 = Debug|Win32
		{A8AE9017-5049-442D-9CC4-6854D25C99F4}.Release|Win32.ActiveCfg = Release|Win32
		{A8AE9017-5049-442D-9CC4-6854D25C99F4}.Release|Win32.Build.0 = Release|Win32
		{7C212ED4-79F0-4C97-A499-1EA4632A7DA4}.Debug|Win32.ActiveCfg = Debug|Win32
		{7C212ED4-79F0-4C97-A499-1EA4632A7DA4}.Debug|Win32.Build.0 = Debug|Win32
		{7C212ED4-79F0-4C97-A499-1EA4632A7DA4}.Release|Win32.ActiveCfg = Release|Win32
		{7C212ED4-79F0-4C97-A499-1EA4632A7DA4}.Release|Win32.Build.0 = Release|Win32
		{307F22C0-316F-42BF-8081-2B7793E69756}.Debug|Win32.ActiveCfg = Debug|Win32
		{307F22C0-316F-42BF-8081-2B7793E69756}.Debug|Win32.Build.0 = Debug|Win32
		{307F22C0-316F-42BF-8081-2B7793E69756}.Release|Win32.ActiveCfg = Release|Win32
		{307F22C0-316F-42BF-8081-2B7793E69756}.Release|Win32.Build.0 = Release|Win32
		{E2E37C38-77A6-439F-8991-EF9F94EB943E}.Debug|Win32.ActiveCfg = Debug|Win32
		{E2E37C38-77A6-439F-8991-EF9F94EB943E}.Debug|Win32.Build.0 = Debug|Win32
		{E2E37C38-77A6-439F-8991-EF9F94EB943E}.Release|Win32.ActiveCfg = Release|Win32
		{E2E37C38-77A6-439F-8991-EF9F94EB943E}.Release|Win32.Build.0 = Release|Win32
	EndGlobalSection
	GlobalSection(SolutionProperties) = preSolution
		HideSolutionNode = FALSE
	EndGlobalSection
EndGlobal
